
Microsoft Visual Studio Solution File, Format Version 12.00
# Visual Studio Version 16
VisualStudioVersion = 16.0.31702.278
MinimumVisualStudioVersion = 10.0.40219.1
Project("{FAE04EC0-301F-11D3-BF4B-00C04F79EFBC}") = "Task", "tASK\Task.csproj", "{DA25229F-FAD3-4940-BB6B-2BAA1F246112}"
EndProject
Global
	GlobalSection(SolutionConfigurationPlatforms) = preSolution
		Debug|Any CPU = Debug|Any CPU
		Release|Any CPU = Release|Any CPU
	EndGlobalSection
	GlobalSection(ProjectConfigurationPlatforms) = postSolution
		{DA25229F-FAD3-4940-BB6B-2BAA1F246112}.Debug|Any CPU.ActiveCfg = Debug|Any CPU
		{DA25229F-FAD3-4940-BB6B-2BAA1F246112}.Debug|Any CPU.Build.0 = Debug|Any CPU
		{DA25229F-FAD3-4940-BB6B-2BAA1F246112}.Release|Any CPU.ActiveCfg = Release|Any CPU
		{DA25229F-FAD3-4940-BB6B-2BAA1F246112}.Release|Any CPU.Build.0 = Release|Any CPU
	EndGlobalSection
	GlobalSection(SolutionProperties) = preSolution
		HideSolutionNode = FALSE
	EndGlobalSection
	GlobalSection(ExtensibilityGlobals) = postSolution
		SolutionGuid = {9868D13F-2217-4225-A6E0-B5FC0A18B407}
	EndGlobalSection
EndGlobal
